// !$*UTF8*$!
{
	archiveVersion = 1;
	classes = {
	};
	objectVersion = 77;
	objects = {

/* Begin PBXBuildFile section */
		8B8C6A1C2F2FC73C0058EB78 /* WidgetKit.framework in Frameworks */ = {isa = PBXBuildFile; fileRef = 8B8C6A1B2F2FC73B0058EB78 /* WidgetKit.framework */; };
		8B8C6A1E2F2FC73C0058EB78 /* SwiftUI.framework in Frameworks */ = {isa = PBXBuildFile; fileRef = 8B8C6A1D2F2FC73C0058EB78 /* SwiftUI.framework */; };
		8B8C6A2F2F2FC73D0058EB78 /* GoFastWidgetExtension.appex in Embed Foundation Extensions */ = {isa = PBXBuildFile; fileRef = 8B8C6A192F2FC73B0058EB78 /* GoFastWidgetExtension.appex */; settings = {ATTRIBUTES = (RemoveHeadersOnCopy, ); }; };
/* End PBXBuildFile section */

/* Begin PBXContainerItemProxy section */
		8B8C69D42F2FB2090058EB78 /* PBXContainerItemProxy */ = {
			isa = PBXContainerItemProxy;
			containerPortal = 8B8C69BE2F2FB2070058EB78 /* Project object */;
			proxyType = 1;
			remoteGlobalIDString = 8B8C69C52F2FB2070058EB78;
			remoteInfo = GoFast;
		};
		8B8C69DE2F2FB2090058EB78 /* PBXContainerItemProxy */ = {
			isa = PBXContainerItemProxy;
			containerPortal = 8B8C69BE2F2FB2070058EB78 /* Project object */;
			proxyType = 1;
			remoteGlobalIDString = 8B8C69C52F2FB2070058EB78;
			remoteInfo = GoFast;
		};
		8B8C6A2D2F2FC73D0058EB78 /* PBXContainerItemProxy */ = {
			isa = PBXContainerItemProxy;
			containerPortal = 8B8C69BE2F2FB2070058EB78 /* Project object */;
			proxyType = 1;
			remoteGlobalIDString = 8B8C6A182F2FC73B0058EB78;
			remoteInfo = GoFastWidgetExtension;
		};
/* End PBXContainerItemProxy section */

/* Begin PBXCopyFilesBuildPhase section */
		8B8C6A342F2FC73D0058EB78 /* Embed Foundation Extensions */ = {
			isa = PBXCopyFilesBuildPhase;
			buildActionMask = 2147483647;
			dstPath = "";
			dstSubfolderSpec = 13;
			files = (
				8B8C6A2F2F2FC73D0058EB78 /* GoFastWidgetExtension.appex in Embed Foundation Extensions */,
			);
			name = "Embed Foundation Extensions";
			runOnlyForDeploymentPostprocessing = 0;
		};
/* End PBXCopyFilesBuildPhase section */

/* Begin PBXFileReference section */
		8B8C69C62F2FB2070058EB78 /* GoFast.app */ = {isa = PBXFileReference; explicitFileType = wrapper.application; includeInIndex = 0; path = GoFast.app; sourceTree = BUILT_PRODUCTS_DIR; };
		8B8C69D32F2FB2090058EB78 /* GoFastTests.xctest */ = {isa = PBXFileReference; explicitFileType = wrapper.cfbundle; includeInIndex = 0; path = GoFastTests.xctest; sourceTree = BUILT_PRODUCTS_DIR; };
		8B8C69DD2F2FB2090058EB78 /* GoFastUITests.xctest */ = {isa = PBXFileReference; explicitFileType = wrapper.cfbundle; includeInIndex = 0; path = GoFastUITests.xctest; sourceTree = BUILT_PRODUCTS_DIR; };
		8B8C6A192F2FC73B0058EB78 /* GoFastWidgetExtension.appex */ = {isa = PBXFileReference; explicitFileType = "wrapper.app-extension"; includeInIndex = 0; path = GoFastWidgetExtension.appex; sourceTree = BUILT_PRODUCTS_DIR; };
		8B8C6A1B2F2FC73B0058EB78 /* WidgetKit.framework */ = {isa = PBXFileReference; lastKnownFileType = wrapper.framework; name = WidgetKit.framework; path = System/Library/Frameworks/WidgetKit.framework; sourceTree = SDKROOT; };
		8B8C6A1D2F2FC73C0058EB78 /* SwiftUI.framework */ = {isa = PBXFileReference; lastKnownFileType = wrapper.framework; name = SwiftUI.framework; path = System/Library/Frameworks/SwiftUI.framework; sourceTree = SDKROOT; };
		8B8C6A362F2FC8EA0058EB78 /* GoFastWidgetExtension.entitlements */ = {isa = PBXFileReference; lastKnownFileType = text.plist.entitlements; path = GoFastWidgetExtension.entitlements; sourceTree = "<group>"; };
/* End PBXFileReference section */

/* Begin PBXFileSystemSynchronizedBuildFileExceptionSet section */
		C67C7AEA-D7F8-4250-82AF-BA5414749FAC /* Exceptions for "GoFast" folder in "GoFast" target */ = {
			isa = PBXFileSystemSynchronizedBuildFileExceptionSet;
			membershipExceptions = (
				Info.plist,
			);
			target = 8B8C69C52F2FB2070058EB78 /* GoFast */;
		};
		8B8C6A302F2FC73D0058EB78 /* Exceptions for "GoFastWidget" folder in "GoFastWidgetExtension" target */ = {
			isa = PBXFileSystemSynchronizedBuildFileExceptionSet;
			membershipExceptions = (
				Info.plist,
			);
			target = 8B8C6A182F2FC73B0058EB78 /* GoFastWidgetExtension */;
		};
/* End PBXFileSystemSynchronizedBuildFileExceptionSet section */

/* Begin PBXFileSystemSynchronizedRootGroup section */
		8B8C69C82F2FB2070058EB78 /* GoFast */ = {
			isa = PBXFileSystemSynchronizedRootGroup;
			exceptions = (
				C67C7AEA-D7F8-4250-82AF-BA5414749FAC /* Exceptions for "GoFast" folder in "GoFast" target */,
			);
			path = GoFast;
			sourceTree = "<group>";
		};
		8B8C69D62F2FB2090058EB78 /* GoFastTests */ = {
			isa = PBXFileSystemSynchronizedRootGroup;
			path = GoFastTests;
			sourceTree = "<group>";
		};
		8B8C69E02F2FB2090058EB78 /* GoFastUITests */ = {
			isa = PBXFileSystemSynchronizedRootGroup;
			path = GoFastUITests;
			sourceTree = "<group>";
		};
		8B8C6A1F2F2FC73C0058EB78 /* GoFastWidget */ = {
			isa = PBXFileSystemSynchronizedRootGroup;
			exceptions = (
				8B8C6A302F2FC73D0058EB78 /* Exceptions for "GoFastWidget" folder in "GoFastWidgetExtension" target */,
			);
			path = GoFastWidget;
			sourceTree = "<group>";
		};
/* End PBXFileSystemSynchronizedRootGroup section */

/* Begin PBXFrameworksBuildPhase section */
		8B8C69C32F2FB2070058EB78 /* Frameworks */ = {
			isa = PBXFrameworksBuildPhase;
			buildActionMask = 2147483647;
			files = (
			);
			runOnlyForDeploymentPostprocessing = 0;
		};
		8B8C69D02F2FB2090058EB78 /* Frameworks */ = {
			isa = PBXFrameworksBuildPhase;
			buildActionMask = 2147483647;
			files = (
			);
			runOnlyForDeploymentPostprocessing = 0;
		};
		8B8C69DA2F2FB2090058EB78 /* Frameworks */ = {
			isa = PBXFrameworksBuildPhase;
			buildActionMask = 2147483647;
			files = (
			);
			runOnlyForDeploymentPostprocessing = 0;
		};
		8B8C6A162F2FC73B0058EB78 /* Frameworks */ = {
			isa = PBXFrameworksBuildPhase;
			buildActionMask = 2147483647;
			files = (
				8B8C6A1E2F2FC73C0058EB78 /* SwiftUI.framework in Frameworks */,
				8B8C6A1C2F2FC73C0058EB78 /* WidgetKit.framework in Frameworks */,
			);
			runOnlyForDeploymentPostprocessing = 0;
		};
/* End PBXFrameworksBuildPhase section */

/* Begin PBXGroup section */
		8B8C69BD2F2FB2070058EB78 = {
			isa = PBXGroup;
			children = (
				8B8C6A362F2FC8EA0058EB78 /* GoFastWidgetExtension.entitlements */,
				8B8C69C82F2FB2070058EB78 /* GoFast */,
				8B8C69D62F2FB2090058EB78 /* GoFastTests */,
				8B8C69E02F2FB2090058EB78 /* GoFastUITests */,
				8B8C6A1F2F2FC73C0058EB78 /* GoFastWidget */,
				8B8C6A1A2F2FC73B0058EB78 /* Frameworks */,
				8B8C69C72F2FB2070058EB78 /* Products */,
			);
			sourceTree = "<group>";
		};
		8B8C69C72F2FB2070058EB78 /* Products */ = {
			isa = PBXGroup;
			children = (
				8B8C69C62F2FB2070058EB78 /* GoFast.app */,
				8B8C69D32F2FB2090058EB78 /* GoFastTests.xctest */,
				8B8C69DD2F2FB2090058EB78 /* GoFastUITests.xctest */,
				8B8C6A192F2FC73B0058EB78 /* GoFastWidgetExtension.appex */,
			);
			name = Products;
			sourceTree = "<group>";
		};
		8B8C6A1A2F2FC73B0058EB78 /* Frameworks */ = {
			isa = PBXGroup;
			children = (
				8B8C6A1B2F2FC73B0058EB78 /* WidgetKit.framework */,
				8B8C6A1D2F2FC73C0058EB78 /* SwiftUI.framework */,
			);
			name = Frameworks;
			sourceTree = "<group>";
		};
/* End PBXGroup section */

/* Begin PBXNativeTarget section */
		8B8C69C52F2FB2070058EB78 /* GoFast */ = {
			isa = PBXNativeTarget;
			buildConfigurationList = 8B8C69E72F2FB2090058EB78 /* Build configuration list for PBXNativeTarget "GoFast" */;
			buildPhases = (
				8B8C69C22F2FB2070058EB78 /* Sources */,
				8B8C69C32F2FB2070058EB78 /* Frameworks */,
				8B8C69C42F2FB2070058EB78 /* Resources */,
				8B8C6A342F2FC73D0058EB78 /* Embed Foundation Extensions */,
			);
			buildRules = (
			);
			dependencies = (
				8B8C6A2E2F2FC73D0058EB78 /* PBXTargetDependency */,
			);
			fileSystemSynchronizedGroups = (
				8B8C69C82F2FB2070058EB78 /* GoFast */,
			);
			name = GoFast;
			packageProductDependencies = (
			);
			productName = GoFast;
			productReference = 8B8C69C62F2FB2070058EB78 /* GoFast.app */;
			productType = "com.apple.product-type.application";
		};
		8B8C69D22F2FB2090058EB78 /* GoFastTests */ = {
			isa = PBXNativeTarget;
			buildConfigurationList = 8B8C69EA2F2FB2090058EB78 /* Build configuration list for PBXNativeTarget "GoFastTests" */;
			buildPhases = (
				8B8C69CF2F2FB2090058EB78 /* Sources */,
				8B8C69D02F2FB2090058EB78 /* Frameworks */,
				8B8C69D12F2FB2090058EB78 /* Resources */,
			);
			buildRules = (
			);
			dependencies = (
				8B8C69D52F2FB2090058EB78 /* PBXTargetDependency */,
			);
			fileSystemSynchronizedGroups = (
				8B8C69D62F2FB2090058EB78 /* GoFastTests */,
			);
			name = GoFastTests;
			packageProductDependencies = (
			);
			productName = GoFastTests;
			productReference = 8B8C69D32F2FB2090058EB78 /* GoFastTests.xctest */;
			productType = "com.apple.product-type.bundle.unit-test";
		};
		8B8C69DC2F2FB2090058EB78 /* GoFastUITests */ = {
			isa = PBXNativeTarget;
			buildConfigurationList = 8B8C69ED2F2FB2090058EB78 /* Build configuration list for PBXNativeTarget "GoFastUITests" */;
			buildPhases = (
				8B8C69D92F2FB2090058EB78 /* Sources */,
				8B8C69DA2F2FB2090058EB78 /* Frameworks */,
				8B8C69DB2F2FB2090058EB78 /* Resources */,
			);
			buildRules = (
			);
			dependencies = (
				8B8C69DF2F2FB2090058EB78 /* PBXTargetDependency */,
			);
			fileSystemSynchronizedGroups = (
				8B8C69E02F2FB2090058EB78 /* GoFastUITests */,
			);
			name = GoFastUITests;
			packageProductDependencies = (
			);
			productName = GoFastUITests;
			productReference = 8B8C69DD2F2FB2090058EB78 /* GoFastUITests.xctest */;
			productType = "com.apple.product-type.bundle.ui-testing";
		};
		8B8C6A182F2FC73B0058EB78 /* GoFastWidgetExtension */ = {
			isa = PBXNativeTarget;
			buildConfigurationList = 8B8C6A312F2FC73D0058EB78 /* Build configuration list for PBXNativeTarget "GoFastWidgetExtension" */;
			buildPhases = (
				8B8C6A152F2FC73B0058EB78 /* Sources */,
				8B8C6A162F2FC73B0058EB78 /* Frameworks */,
				8B8C6A172F2FC73B0058EB78 /* Resources */,
			);
			buildRules = (
			);
			dependencies = (
			);
			fileSystemSynchronizedGroups = (
				8B8C6A1F2F2FC73C0058EB78 /* GoFastWidget */,
			);
			name = GoFastWidgetExtension;
			packageProductDependencies = (
			);
			productName = GoFastWidgetExtension;
			productReference = 8B8C6A192F2FC73B0058EB78 /* GoFastWidgetExtension.appex */;
			productType = "com.apple.product-type.app-extension";
		};
/* End PBXNativeTarget section */

/* Begin PBXProject section */
		8B8C69BE2F2FB2070058EB78 /* Project object */ = {
			isa = PBXProject;
			attributes = {
				BuildIndependentTargetsInParallel = 1;
				LastSwiftUpdateCheck = 2620;
				LastUpgradeCheck = 2620;
				TargetAttributes = {
					8B8C69C52F2FB2070058EB78 = {
						CreatedOnToolsVersion = 26.2;
					};
					8B8C69D22F2FB2090058EB78 = {
						CreatedOnToolsVersion = 26.2;
						TestTargetID = 8B8C69C52F2FB2070058EB78;
					};
					8B8C69DC2F2FB2090058EB78 = {
						CreatedOnToolsVersion = 26.2;
						TestTargetID = 8B8C69C52F2FB2070058EB78;
					};
					8B8C6A182F2FC73B0058EB78 = {
						CreatedOnToolsVersion = 26.2;
					};
				};
			};
			buildConfigurationList = 8B8C69C12F2FB2070058EB78 /* Build configuration list for PBXProject "GoFast" */;
			developmentRegion = en;
			hasScannedForEncodings = 0;
			knownRegions = (
				en,
				Base,
			);
			mainGroup = 8B8C69BD2F2FB2070058EB78;
			minimizedProjectReferenceProxies = 1;
			preferredProjectObjectVersion = 77;
			productRefGroup = 8B8C69C72F2FB2070058EB78 /* Products */;
			projectDirPath = "";
			projectRoot = "";
			targets = (
				8B8C69C52F2FB2070058EB78 /* GoFast */,
				8B8C69D22F2FB2090058EB78 /* GoFastTests */,
				8B8C69DC2F2FB2090058EB78 /* GoFastUITests */,
				8B8C6A182F2FC73B0058EB78 /* GoFastWidgetExtension */,
			);
		};
/* End PBXProject section */

/* Begin PBXResourcesBuildPhase section */
		8B8C69C42F2FB2070058EB78 /* Resources */ = {
			isa = PBXResourcesBuildPhase;
			buildActionMask = 2147483647;
			files = (
			);
			runOnlyForDeploymentPostprocessing = 0;
		};
		8B8C69D12F2FB2090058EB78 /* Resources */ = {
			isa = PBXResourcesBuildPhase;
			buildActionMask = 2147483647;
			files = (
			);
			runOnlyForDeploymentPostprocessing = 0;
		};
		8B8C69DB2F2FB2090058EB78 /* Resources */ = {
			isa = PBXResourcesBuildPhase;
			buildActionMask = 2147483647;
			files = (
			);
			runOnlyForDeploymentPostprocessing = 0;
		};
		8B8C6A172F2FC73B0058EB78 /* Resources */ = {
			isa = PBXResourcesBuildPhase;
			buildActionMask = 2147483647;
			files = (
			);
			runOnlyForDeploymentPostprocessing = 0;
		};
/* End PBXResourcesBuildPhase section */

/* Begin PBXSourcesBuildPhase section */
		8B8C69C22F2FB2070058EB78 /* Sources */ = {
			isa = PBXSourcesBuildPhase;
			buildActionMask = 2147483647;
			files = (
			);
			runOnlyForDeploymentPostprocessing = 0;
		};
		8B8C69CF2F2FB2090058EB78 /* Sources */ = {
			isa = PBXSourcesBuildPhase;
			buildActionMask = 2147483647;
			files = (
			);
			runOnlyForDeploymentPostprocessing = 0;
		};
		8B8C69D92F2FB2090058EB78 /* Sources */ = {
			isa = PBXSourcesBuildPhase;
			buildActionMask = 2147483647;
			files = (
			);
			runOnlyForDeploymentPostprocessing = 0;
		};
		8B8C6A152F2FC73B0058EB78 /* Sources */ = {
			isa = PBXSourcesBuildPhase;
			buildActionMask = 2147483647;
			files = (
			);
			runOnlyForDeploymentPostprocessing = 0;
		};
/* End PBXSourcesBuildPhase section */

/* Begin PBXTargetDependency section */
		8B8C69D52F2FB2090058EB78 /* PBXTargetDependency */ = {
			isa = PBXTargetDependency;
			target = 8B8C69C52F2FB2070058EB78 /* GoFast */;
			targetProxy = 8B8C69D42F2FB2090058EB78 /* PBXContainerItemProxy */;
		};
		8B8C69DF2F2FB2090058EB78 /* PBXTargetDependency */ = {
			isa = PBXTargetDependency;
			target = 8B8C69C52F2FB2070058EB78 /* GoFast */;
			targetProxy = 8B8C69DE2F2FB2090058EB78 /* PBXContainerItemProxy */;
		};
		8B8C6A2E2F2FC73D0058EB78 /* PBXTargetDependency */ = {
			isa = PBXTargetDependency;
			target = 8B8C6A182F2FC73B0058EB78 /* GoFastWidgetExtension */;
			targetProxy = 8B8C6A2D2F2FC73D0058EB78 /* PBXContainerItemProxy */;
		};
/* End PBXTargetDependency section */

/* Begin XCBuildConfiguration section */
		8B8C69E52F2FB2090058EB78 /* Debug */ = {
			isa = XCBuildConfiguration;
			buildSettings = {
				ALWAYS_SEARCH_USER_PATHS = NO;
				ASSETCATALOG_COMPILER_GENERATE_SWIFT_ASSET_SYMBOL_EXTENSIONS = YES;
				CLANG_ANALYZER_NONNULL = YES;
				CLANG_ANALYZER_NUMBER_OBJECT_CONVERSION = YES_AGGRESSIVE;
				CLANG_CXX_LANGUAGE_STANDARD = "gnu++20";
				CLANG_ENABLE_MODULES = YES;
				CLANG_ENABLE_OBJC_ARC = YES;
				CLANG_ENABLE_OBJC_WEAK = YES;
				CLANG_WARN_BLOCK_CAPTURE_AUTORELEASING = YES;
				CLANG_WARN_BOOL_CONVERSION = YES;
				CLANG_WARN_COMMA = YES;
				CLANG_WARN_CONSTANT_CONVERSION = YES;
				CLANG_WARN_DEPRECATED_OBJC_IMPLEMENTATIONS = YES;
				CLANG_WARN_DIRECT_OBJC_ISA_USAGE = YES_ERROR;
				CLANG_WARN_DOCUMENTATION_COMMENTS = YES;
				CLANG_WARN_EMPTY_BODY = YES;
				CLANG_WARN_ENUM_CONVERSION = YES;
				CLANG_WARN_INFINITE_RECURSION = YES;
				CLANG_WARN_INT_CONVERSION = YES;
				CLANG_WARN_NON_LITERAL_NULL_CONVERSION = YES;
				CLANG_WARN_OBJC_IMPLICIT_RETAIN_SELF = YES;
				CLANG_WARN_OBJC_LITERAL_CONVERSION = YES;
				CLANG_WARN_OBJC_ROOT_CLASS = YES_ERROR;
				CLANG_WARN_QUOTED_INCLUDE_IN_FRAMEWORK_HEADER = YES;
				CLANG_WARN_RANGE_LOOP_ANALYSIS = YES;
				CLANG_WARN_STRICT_PROTOTYPES = YES;
				CLANG_WARN_SUSPICIOUS_MOVE = YES;
				CLANG_WARN_UNGUARDED_AVAILABILITY = YES_AGGRESSIVE;
				CLANG_WARN_UNREACHABLE_CODE = YES;
				CLANG_WARN__DUPLICATE_METHOD_MATCH = YES;
				COPY_PHASE_STRIP = NO;
				DEBUG_INFORMATION_FORMAT = dwarf;
				DEVELOPMENT_TEAM = RVTR2G5D6Y;
				ENABLE_STRICT_OBJC_MSGSEND = YES;
				ENABLE_TESTABILITY = YES;
				ENABLE_USER_SCRIPT_SANDBOXING = YES;
				GCC_C_LANGUAGE_STANDARD = gnu17;
				GCC_DYNAMIC_NO_PIC = NO;
				GCC_NO_COMMON_BLOCKS = YES;
				GCC_OPTIMIZATION_LEVEL = 0;
				GCC_PREPROCESSOR_DEFINITIONS = (
					"DEBUG=1",
					"$(inherited)",
				);
				GCC_WARN_64_TO_32_BIT_CONVERSION = YES;
				GCC_WARN_ABOUT_RETURN_TYPE = YES_ERROR;
				GCC_WARN_UNDECLARED_SELECTOR = YES;
				GCC_WARN_UNINITIALIZED_AUTOS = YES_AGGRESSIVE;
				GCC_WARN_UNUSED_FUNCTION = YES;
				GCC_WARN_UNUSED_VARIABLE = YES;
				IPHONEOS_DEPLOYMENT_TARGET = 26.2;
				LOCALIZATION_PREFERS_STRING_CATALOGS = YES;
				MTL_ENABLE_DEBUG_INFO = INCLUDE_SOURCE;
				MTL_FAST_MATH = YES;
				ONLY_ACTIVE_ARCH = YES;
				SDKROOT = iphoneos;
				SWIFT_ACTIVE_COMPILATION_CONDITIONS = "DEBUG $(inherited)";
				SWIFT_OPTIMIZATION_LEVEL = "-Onone";
			};
			name = Debug;
		};
		8B8C69E62F2FB2090058EB78 /* Release */ = {
			isa = XCBuildConfiguration;
			buildSettings = {
				ALWAYS_SEARCH_USER_PATHS = NO;
				ASSETCATALOG_COMPILER_GENERATE_SWIFT_ASSET_SYMBOL_EXTENSIONS = YES;
				CLANG_ANALYZER_NONNULL = YES;
				CLANG_ANALYZER_NUMBER_OBJECT_CONVERSION = YES_AGGRESSIVE;
				CLANG_CXX_LANGUAGE_STANDARD = "gnu++20";
				CLANG_ENABLE_MODULES = YES;
				CLANG_ENABLE_OBJC_ARC = YES;
				CLANG_ENABLE_OBJC_WEAK = YES;
				CLANG_WARN_BLOCK_CAPTURE_AUTORELEASING = YES;
				CLANG_WARN_BOOL_CONVERSION = YES;
				CLANG_WARN_COMMA = YES;
				CLANG_WARN_CONSTANT_CONVERSION = YES;
				CLANG_WARN_DEPRECATED_OBJC_IMPLEMENTATIONS = YES;
				CLANG_WARN_DIRECT_OBJC_ISA_USAGE = YES_ERROR;
				CLANG_WARN_DOCUMENTATION_COMMENTS = YES;
				CLANG_WARN_EMPTY_BODY = YES;
				CLANG_WARN_ENUM_CONVERSION = YES;
				CLANG_WARN_INFINITE_RECURSION = YES;
				CLANG_WARN_INT_CONVERSION = YES;
				CLANG_WARN_NON_LITERAL_NULL_CONVERSION = YES;
				CLANG_WARN_OBJC_IMPLICIT_RETAIN_SELF = YES;
				CLANG_WARN_OBJC_LITERAL_CONVERSION = YES;
				CLANG_WARN_OBJC_ROOT_CLASS = YES_ERROR;
				CLANG_WARN_QUOTED_INCLUDE_IN_FRAMEWORK_HEADER = YES;
				CLANG_WARN_RANGE_LOOP_ANALYSIS = YES;
				CLANG_WARN_STRICT_PROTOTYPES = YES;
				CLANG_WARN_SUSPICIOUS_MOVE = YES;
				CLANG_WARN_UNGUARDED_AVAILABILITY = YES_AGGRESSIVE;
				CLANG_WARN_UNREACHABLE_CODE = YES;
				CLANG_WARN__DUPLICATE_METHOD_MATCH = YES;
				COPY_PHASE_STRIP = NO;
				DEBUG_INFORMATION_FORMAT = "dwarf-with-dsym";
				DEVELOPMENT_TEAM = RVTR2G5D6Y;
				ENABLE_NS_ASSERTIONS = NO;
				ENABLE_STRICT_OBJC_MSGSEND = YES;
				ENABLE_USER_SCRIPT_SANDBOXING = YES;
				GCC_C_LANGUAGE_STANDARD = gnu17;
				GCC_NO_COMMON_BLOCKS = YES;
				GCC_WARN_64_TO_32_BIT_CONVERSION = YES;
				GCC_WARN_ABOUT_RETURN_TYPE = YES_ERROR;
				GCC_WARN_UNDECLARED_SELECTOR = YES;
				GCC_WARN_UNINITIALIZED_AUTOS = YES_AGGRESSIVE;
				GCC_WARN_UNUSED_FUNCTION = YES;
				GCC_WARN_UNUSED_VARIABLE = YES;
				IPHONEOS_DEPLOYMENT_TARGET = 26.2;
				LOCALIZATION_PREFERS_STRING_CATALOGS = YES;
				MTL_ENABLE_DEBUG_INFO = NO;
				MTL_FAST_MATH = YES;
				SDKROOT = iphoneos;
				SWIFT_COMPILATION_MODE = wholemodule;
				VALIDATE_PRODUCT = YES;
			};
			name = Release;
		};
		8B8C69E82F2FB2090058EB78 /* Debug */ = {
			isa = XCBuildConfiguration;
			buildSettings = {
				ASSETCATALOG_COMPILER_APPICON_NAME = AppIcon;
				ASSETCATALOG_COMPILER_GLOBAL_ACCENT_COLOR_NAME = AccentColor;
				CODE_SIGN_ENTITLEMENTS = GoFast/GoFast.entitlements;
				CODE_SIGN_STYLE = Automatic;
				CURRENT_PROJECT_VERSION = 1;
				DEVELOPMENT_TEAM = RVTR2G5D6Y;
				ENABLE_PREVIEWS = YES;
				GENERATE_INFOPLIST_FILE = YES;
				INFOPLIST_KEY_NSCalendarsFullAccessUsageDescription = "Read the user flight in calendar";
				INFOPLIST_KEY_UIApplicationSceneManifest_Generation = YES;
				INFOPLIST_KEY_UIApplicationSupportsIndirectInputEvents = YES;
				INFOPLIST_KEY_UILaunchScreen_Generation = YES;
				INFOPLIST_KEY_UISupportedInterfaceOrientations_iPad = "UIInterfaceOrientationPortrait UIInterfaceOrientationPortraitUpsideDown UIInterfaceOrientationLandscapeLeft UIInterfaceOrientationLandscapeRight";
				INFOPLIST_KEY_UISupportedInterfaceOrientations_iPhone = "UIInterfaceOrientationPortrait UIInterfaceOrientationLandscapeLeft UIInterfaceOrientationLandscapeRight";
				LD_RUNPATH_SEARCH_PATHS = (
					"$(inherited)",
					"@executable_path/Frameworks",
				);
				MARKETING_VERSION = 1.0;
				PRODUCT_BUNDLE_IDENTIFIER = com.adrianrdguez.GoFast;
				PRODUCT_NAME = "$(TARGET_NAME)";
				STRING_CATALOG_GENERATE_SYMBOLS = YES;
				SWIFT_APPROACHABLE_CONCURRENCY = YES;
				SWIFT_DEFAULT_ACTOR_ISOLATION = MainActor;
				SWIFT_EMIT_LOC_STRINGS = YES;
				SWIFT_UPCOMING_FEATURE_MEMBER_IMPORT_VISIBILITY = YES;
				SWIFT_VERSION = 5.0;
				TARGETED_DEVICE_FAMILY = "1,2";
			};
			name = Debug;
		};
		8B8C69E92F2FB2090058EB78 /* Release */ = {
			isa = XCBuildConfiguration;
			buildSettings = {
				ASSETCATALOG_COMPILER_APPICON_NAME = AppIcon;
				ASSETCATALOG_COMPILER_GLOBAL_ACCENT_COLOR_NAME = AccentColor;
				CODE_SIGN_ENTITLEMENTS = GoFast/GoFast.entitlements;
				CODE_SIGN_STYLE = Automatic;
				CURRENT_PROJECT_VERSION = 1;
				DEVELOPMENT_TEAM = RVTR2G5D6Y;
				ENABLE_PREVIEWS = YES;
				GENERATE_INFOPLIST_FILE = YES;
				INFOPLIST_KEY_NSCalendarsFullAccessUsageDescription = "Read the user flight in calendar";
				INFOPLIST_KEY_UIApplicationSceneManifest_Generation = YES;
				INFOPLIST_KEY_UIApplicationSupportsIndirectInputEvents = YES;
				INFOPLIST_KEY_UILaunchScreen_Generation = YES;
				INFOPLIST_KEY_UISupportedInterfaceOrientations_iPad = "UIInterfaceOrientationPortrait UIInterfaceOrientationPortraitUpsideDown UIInterfaceOrientationLandscapeLeft UIInterfaceOrientationLandscapeRight";
				INFOPLIST_KEY_UISupportedInterfaceOrientations_iPhone = "UIInterfaceOrientationPortrait UIInterfaceOrientationLandscapeLeft UIInterfaceOrientationLandscapeRight";
				LD_RUNPATH_SEARCH_PATHS = (
					"$(inherited)",
					"@executable_path/Frameworks",
				);
				MARKETING_VERSION = 1.0;
				PRODUCT_BUNDLE_IDENTIFIER = com.adrianrdguez.GoFast;
				PRODUCT_NAME = "$(TARGET_NAME)";
				STRING_CATALOG_GENERATE_SYMBOLS = YES;
				SWIFT_APPROACHABLE_CONCURRENCY = YES;
				SWIFT_DEFAULT_ACTOR_ISOLATION = MainActor;
				SWIFT_EMIT_LOC_STRINGS = YES;
				SWIFT_UPCOMING_FEATURE_MEMBER_IMPORT_VISIBILITY = YES;
				SWIFT_VERSION = 5.0;
				TARGETED_DEVICE_FAMILY = "1,2";
			};
			name = Release;
		};
		8B8C69EB2F2FB2090058EB78 /* Debug */ = {
			isa = XCBuildConfiguration;
			buildSettings = {
				BUNDLE_LOADER = "$(TEST_HOST)";
				CODE_SIGN_STYLE = Automatic;
				CURRENT_PROJECT_VERSION = 1;
				DEVELOPMENT_TEAM = RVTR2G5D6Y;
				GENERATE_INFOPLIST_FILE = YES;
				IPHONEOS_DEPLOYMENT_TARGET = 26.2;
				MARKETING_VERSION = 1.0;
				PRODUCT_BUNDLE_IDENTIFIER = com.adrianrdguez.GoFastTests;
				PRODUCT_NAME = "$(TARGET_NAME)";
				STRING_CATALOG_GENERATE_SYMBOLS = NO;
				SWIFT_APPROACHABLE_CONCURRENCY = YES;
				SWIFT_EMIT_LOC_STRINGS = NO;
				SWIFT_UPCOMING_FEATURE_MEMBER_IMPORT_VISIBILITY = YES;
				SWIFT_VERSION = 5.0;
				TARGETED_DEVICE_FAMILY = "1,2";
				TEST_HOST = "$(BUILT_PRODUCTS_DIR)/GoFast.app/$(BUNDLE_EXECUTABLE_FOLDER_PATH)/GoFast";
			};
			name = Debug;
		};
		8B8C69EC2F2FB2090058EB78 /* Release */ = {
			isa = XCBuildConfiguration;
			buildSettings = {
				BUNDLE_LOADER = "$(TEST_HOST)";
				CODE_SIGN_STYLE = Automatic;
				CURRENT_PROJECT_VERSION = 1;
				DEVELOPMENT_TEAM = RVTR2G5D6Y;
				GENERATE_INFOPLIST_FILE = YES;
				IPHONEOS_DEPLOYMENT_TARGET = 26.2;
				MARKETING_VERSION = 1.0;
				PRODUCT_BUNDLE_IDENTIFIER = com.adrianrdguez.GoFastTests;
				PRODUCT_NAME = "$(TARGET_NAME)";
				STRING_CATALOG_GENERATE_SYMBOLS = NO;
				SWIFT_APPROACHABLE_CONCURRENCY = YES;
				SWIFT_EMIT_LOC_STRINGS = NO;
				SWIFT_UPCOMING_FEATURE_MEMBER_IMPORT_VISIBILITY = YES;
				SWIFT_VERSION = 5.0;
				TARGETED_DEVICE_FAMILY = "1,2";
				TEST_HOST = "$(BUILT_PRODUCTS_DIR)/GoFast.app/$(BUNDLE_EXECUTABLE_FOLDER_PATH)/GoFast";
			};
			name = Release;
		};
		8B8C69EE2F2FB2090058EB78 /* Debug */ = {
			isa = XCBuildConfiguration;
			buildSettings = {
				CODE_SIGN_STYLE = Automatic;
				CURRENT_PROJECT_VERSION = 1;
				DEVELOPMENT_TEAM = RVTR2G5D6Y;
				GENERATE_INFOPLIST_FILE = YES;
				MARKETING_VERSION = 1.0;
				PRODUCT_BUNDLE_IDENTIFIER = com.adrianrdguez.GoFastUITests;
				PRODUCT_NAME = "$(TARGET_NAME)";
				STRING_CATALOG_GENERATE_SYMBOLS = NO;
				SWIFT_APPROACHABLE_CONCURRENCY = YES;
				SWIFT_EMIT_LOC_STRINGS = NO;
				SWIFT_UPCOMING_FEATURE_MEMBER_IMPORT_VISIBILITY = YES;
				SWIFT_VERSION = 5.0;
				TARGETED_DEVICE_FAMILY = "1,2";
				TEST_TARGET_NAME = GoFast;
			};
			name = Debug;
		};
		8B8C69EF2F2FB2090058EB78 /* Release */ = {
			isa = XCBuildConfiguration;
			buildSettings = {
				CODE_SIGN_STYLE = Automatic;
				CURRENT_PROJECT_VERSION = 1;
				DEVELOPMENT_TEAM = RVTR2G5D6Y;
				GENERATE_INFOPLIST_FILE = YES;
				MARKETING_VERSION = 1.0;
				PRODUCT_BUNDLE_IDENTIFIER = com.adrianrdguez.GoFastUITests;
				PRODUCT_NAME = "$(TARGET_NAME)";
				STRING_CATALOG_GENERATE_SYMBOLS = NO;
				SWIFT_APPROACHABLE_CONCURRENCY = YES;
				SWIFT_EMIT_LOC_STRINGS = NO;
				SWIFT_UPCOMING_FEATURE_MEMBER_IMPORT_VISIBILITY = YES;
				SWIFT_VERSION = 5.0;
				TARGETED_DEVICE_FAMILY = "1,2";
				TEST_TARGET_NAME = GoFast;
			};
			name = Release;
		};
		8B8C6A322F2FC73D0058EB78 /* Debug */ = {
			isa = XCBuildConfiguration;
			buildSettings = {
				ASSETCATALOG_COMPILER_GLOBAL_ACCENT_COLOR_NAME = AccentColor;
				ASSETCATALOG_COMPILER_WIDGET_BACKGROUND_COLOR_NAME = WidgetBackground;
				CODE_SIGN_ENTITLEMENTS = GoFastWidgetExtension.entitlements;
				CODE_SIGN_STYLE = Automatic;
				CURRENT_PROJECT_VERSION = 1;
				DEVELOPMENT_TEAM = RVTR2G5D6Y;
				GENERATE_INFOPLIST_FILE = YES;
				INFOPLIST_FILE = GoFastWidget/Info.plist;
				INFOPLIST_KEY_CFBundleDisplayName = GoFastWidget;
				INFOPLIST_KEY_NSHumanReadableCopyright = "";
				LD_RUNPATH_SEARCH_PATHS = (
					"$(inherited)",
					"@executable_path/Frameworks",
					"@executable_path/../../Frameworks",
				);
				MARKETING_VERSION = 1.0;
				PRODUCT_BUNDLE_IDENTIFIER = com.adrianrdguez.GoFast.GoFastWidget;
				PRODUCT_NAME = "$(TARGET_NAME)";
				SKIP_INSTALL = YES;
				STRING_CATALOG_GENERATE_SYMBOLS = YES;
				SWIFT_APPROACHABLE_CONCURRENCY = YES;
				SWIFT_EMIT_LOC_STRINGS = YES;
				SWIFT_UPCOMING_FEATURE_MEMBER_IMPORT_VISIBILITY = YES;
				SWIFT_VERSION = 5.0;
				TARGETED_DEVICE_FAMILY = "1,2";
			};
			name = Debug;
		};
		8B8C6A332F2FC73D0058EB78 /* Release */ = {
			isa = XCBuildConfiguration;
			buildSettings = {
				ASSETCATALOG_COMPILER_GLOBAL_ACCENT_COLOR_NAME = AccentColor;
				ASSETCATALOG_COMPILER_WIDGET_BACKGROUND_COLOR_NAME = WidgetBackground;
				CODE_SIGN_ENTITLEMENTS = GoFastWidgetExtension.entitlements;
				CODE_SIGN_STYLE = Automatic;
				CURRENT_PROJECT_VERSION = 1;
				DEVELOPMENT_TEAM = RVTR2G5D6Y;
				GENERATE_INFOPLIST_FILE = YES;
				INFOPLIST_FILE = GoFastWidget/Info.plist;
				INFOPLIST_KEY_CFBundleDisplayName = GoFastWidget;
				INFOPLIST_KEY_NSHumanReadableCopyright = "";
				LD_RUNPATH_SEARCH_PATHS = (
					"$(inherited)",
					"@executable_path/Frameworks",
					"@executable_path/../../Frameworks",
				);
				MARKETING_VERSION = 1.0;
				PRODUCT_BUNDLE_IDENTIFIER = com.adrianrdguez.GoFast.GoFastWidget;
				PRODUCT_NAME = "$(TARGET_NAME)";
				SKIP_INSTALL = YES;
				STRING_CATALOG_GENERATE_SYMBOLS = YES;
				SWIFT_APPROACHABLE_CONCURRENCY = YES;
				SWIFT_EMIT_LOC_STRINGS = YES;
				SWIFT_UPCOMING_FEATURE_MEMBER_IMPORT_VISIBILITY = YES;
				SWIFT_VERSION = 5.0;
				TARGETED_DEVICE_FAMILY = "1,2";
			};
			name = Release;
		};
/* End XCBuildConfiguration section */

/* Begin XCConfigurationList section */
		8B8C69C12F2FB2070058EB78 /* Build configuration list for PBXProject "GoFast" */ = {
			isa = XCConfigurationList;
			buildConfigurations = (
				8B8C69E52F2FB2090058EB78 /* Debug */,
				8B8C69E62F2FB2090058EB78 /* Release */,
			);
			defaultConfigurationIsVisible = 0;
			defaultConfigurationName = Release;
		};
		8B8C69E72F2FB2090058EB78 /* Build configuration list for PBXNativeTarget "GoFast" */ = {
			isa = XCConfigurationList;
			buildConfigurations = (
				8B8C69E82F2FB2090058EB78 /* Debug */,
				8B8C69E92F2FB2090058EB78 /* Release */,
			);
			defaultConfigurationIsVisible = 0;
			defaultConfigurationName = Release;
		};
		8B8C69EA2F2FB2090058EB78 /* Build configuration list for PBXNativeTarget "GoFastTests" */ = {
			isa = XCConfigurationList;
			buildConfigurations = (
				8B8C69EB2F2FB2090058EB78 /* Debug */,
				8B8C69EC2F2FB2090058EB78 /* Release */,
			);
			defaultConfigurationIsVisible = 0;
			defaultConfigurationName = Release;
		};
		8B8C69ED2F2FB2090058EB78 /* Build configuration list for PBXNativeTarget "GoFastUITests" */ = {
			isa = XCConfigurationList;
			buildConfigurations = (
				8B8C69EE2F2FB2090058EB78 /* Debug */,
				8B8C69EF2F2FB2090058EB78 /* Release */,
			);
			defaultConfigurationIsVisible = 0;
			defaultConfigurationName = Release;
		};
		8B8C6A312F2FC73D0058EB78 /* Build configuration list for PBXNativeTarget "GoFastWidgetExtension" */ = {
			isa = XCConfigurationList;
			buildConfigurations = (
				8B8C6A322F2FC73D0058EB78 /* Debug */,
				8B8C6A332F2FC73D0058EB78 /* Release */,
			);
			defaultConfigurationIsVisible = 0;
			defaultConfigurationName = Release;
		};
/* End XCConfigurationList section */
	};
	rootObject = 8B8C69BE2F2FB2070058EB78 /* Project object */;
}
